
Microsoft Visual Studio Solution File, Format Version 12.00
# Visual Studio Version 17
VisualStudioVersion = 17.3.32819.101
MinimumVisualStudioVersion = 10.0.40219.1
Project("{FAE04EC0-301F-11D3-BF4B-00C04F79EFBC}") = "sequential search demo", "sequential search demo.csproj", "{8C710774-0E31-4823-AEB5-B4EC33ECE3BF}"
EndProject
Global
	GlobalSection(SolutionConfigurationPlatforms) = preSolution
		Debug|Any CPU = Debug|Any CPU
		Release|Any CPU = Release|Any CPU
	EndGlobalSection
	GlobalSection(ProjectConfigurationPlatforms) = postSolution
		{8C710774-0E31-4823-AEB5-B4EC33ECE3BF}.Debug|Any CPU.ActiveCfg = Debug|Any CPU
		{8C710774-0E31-4823-AEB5-B4EC33ECE3BF}.Debug|Any CPU.Build.0 = Debug|Any CPU
		{8C710774-0E31-4823-AEB5-B4EC33ECE3BF}.Release|Any CPU.ActiveCfg = Release|Any CPU
		{8C710774-0E31-4823-AEB5-B4EC33ECE3BF}.Release|Any CPU.Build.0 = Release|Any CPU
	EndGlobalSection
	GlobalSection(SolutionProperties) = preSolution
		HideSolutionNode = FALSE
	EndGlobalSection
	GlobalSection(ExtensibilityGlobals) = postSolution
		SolutionGuid = {6F2F237B-146A-4D66-9A3B-113970D08DFC}
	EndGlobalSection
EndGlobal
